// !$*UTF8*$!
{
	archiveVersion = 1;
	classes = {
	};
	objectVersion = 56;
	objects = {

/* Begin PBXBuildFile section */
		953E076539B91DDFE4D4DB64 /* Pods_Exercise2_NoteApp.framework in Frameworks */ = {isa = PBXBuildFile; fileRef = D39AF0A4BEC3856563CDF3BA /* Pods_Exercise2_NoteApp.framework */; };
		B817628C2C059BD300F49887 /* UserManager.swift in Sources */ = {isa = PBXBuildFile; fileRef = B817628B2C059BD300F49887 /* UserManager.swift */; };
		B817B2E02BFDE71E00DEC6C4 /* FolderNoteListViewController.swift in Sources */ = {isa = PBXBuildFile; fileRef = B817B2DF2BFDE71E00DEC6C4 /* FolderNoteListViewController.swift */; };
		B817B2E42BFDFE5A00DEC6C4 /* FolderCollectionViewCell.swift in Sources */ = {isa = PBXBuildFile; fileRef = B817B2E32BFDFE5A00DEC6C4 /* FolderCollectionViewCell.swift */; };
		B817B2E72BFE116C00DEC6C4 /* Notes.swift in Sources */ = {isa = PBXBuildFile; fileRef = B817B2E62BFE116C00DEC6C4 /* Notes.swift */; };
		B83C38232BFF894C00D80518 /* EntryNoteViewController.swift in Sources */ = {isa = PBXBuildFile; fileRef = B83C38222BFF894C00D80518 /* EntryNoteViewController.swift */; };
		B8604C422BFD6C7E00D3FBA8 /* TabBarViewController.swift in Sources */ = {isa = PBXBuildFile; fileRef = B8604C412BFD6C7E00D3FBA8 /* TabBarViewController.swift */; };
		B8604C442BFD6C9300D3FBA8 /* SettingViewController.swift in Sources */ = {isa = PBXBuildFile; fileRef = B8604C432BFD6C9300D3FBA8 /* SettingViewController.swift */; };
		B8604C472BFD717C00D3FBA8 /* UserTableViewCell.swift in Sources */ = {isa = PBXBuildFile; fileRef = B8604C462BFD717C00D3FBA8 /* UserTableViewCell.swift */; };
		B8604C492BFD718D00D3FBA8 /* ListSettingTableViewCell.swift in Sources */ = {isa = PBXBuildFile; fileRef = B8604C482BFD718D00D3FBA8 /* ListSettingTableViewCell.swift */; };
		B86E464C2BFEC9B0008C42C4 /* NoteTableViewCell.swift in Sources */ = {isa = PBXBuildFile; fileRef = B86E464B2BFEC9B0008C42C4 /* NoteTableViewCell.swift */; };
		B8748F702BFCC49C00FCD2B5 /* AppDelegate.swift in Sources */ = {isa = PBXBuildFile; fileRef = B8748F6F2BFCC49C00FCD2B5 /* AppDelegate.swift */; };
		B8748F742BFCC49C00FCD2B5 /* LoginViewController.swift in Sources */ = {isa = PBXBuildFile; fileRef = B8748F732BFCC49C00FCD2B5 /* LoginViewController.swift */; };
		B8748F772BFCC49C00FCD2B5 /* Base in Resources */ = {isa = PBXBuildFile; fileRef = B8748F762BFCC49C00FCD2B5 /* Base */; };
		B8748F792BFCC49D00FCD2B5 /* Assets.xcassets in Resources */ = {isa = PBXBuildFile; fileRef = B8748F782BFCC49D00FCD2B5 /* Assets.xcassets */; };
		B8748F7C2BFCC49D00FCD2B5 /* Base in Resources */ = {isa = PBXBuildFile; fileRef = B8748F7B2BFCC49D00FCD2B5 /* Base */; };
		B8D1EDF92C0382A400A8BBB2 /* NoteManager.swift in Sources */ = {isa = PBXBuildFile; fileRef = B8D1EDF82C0382A400A8BBB2 /* NoteManager.swift */; };
		B8EB8CBC2BFCDC4200D3BF81 /* FolderViewController.swift in Sources */ = {isa = PBXBuildFile; fileRef = B8EB8CBB2BFCDC4200D3BF81 /* FolderViewController.swift */; };
/* End PBXBuildFile section */

/* Begin PBXFileReference section */
		B817628B2C059BD300F49887 /* UserManager.swift */ = {isa = PBXFileReference; lastKnownFileType = sourcecode.swift; path = UserManager.swift; sourceTree = "<group>"; };
		B817B2DF2BFDE71E00DEC6C4 /* FolderNoteListViewController.swift */ = {isa = PBXFileReference; lastKnownFileType = sourcecode.swift; path = FolderNoteListViewController.swift; sourceTree = "<group>"; };
		B817B2E32BFDFE5A00DEC6C4 /* FolderCollectionViewCell.swift */ = {isa = PBXFileReference; lastKnownFileType = sourcecode.swift; path = FolderCollectionViewCell.swift; sourceTree = "<group>"; };
		B817B2E62BFE116C00DEC6C4 /* Notes.swift */ = {isa = PBXFileReference; lastKnownFileType = sourcecode.swift; path = Notes.swift; sourceTree = "<group>"; };
		B83C38222BFF894C00D80518 /* EntryNoteViewController.swift */ = {isa = PBXFileReference; lastKnownFileType = sourcecode.swift; path = EntryNoteViewController.swift; sourceTree = "<group>"; };
		B8604C412BFD6C7E00D3FBA8 /* TabBarViewController.swift */ = {isa = PBXFileReference; lastKnownFileType = sourcecode.swift; path = TabBarViewController.swift; sourceTree = "<group>"; };
		B8604C432BFD6C9300D3FBA8 /* SettingViewController.swift */ = {isa = PBXFileReference; lastKnownFileType = sourcecode.swift; path = SettingViewController.swift; sourceTree = "<group>"; };
		B8604C462BFD717C00D3FBA8 /* UserTableViewCell.swift */ = {isa = PBXFileReference; lastKnownFileType = sourcecode.swift; path = UserTableViewCell.swift; sourceTree = "<group>"; };
		B8604C482BFD718D00D3FBA8 /* ListSettingTableViewCell.swift */ = {isa = PBXFileReference; lastKnownFileType = sourcecode.swift; path = ListSettingTableViewCell.swift; sourceTree = "<group>"; };
		B86E464B2BFEC9B0008C42C4 /* NoteTableViewCell.swift */ = {isa = PBXFileReference; lastKnownFileType = sourcecode.swift; path = NoteTableViewCell.swift; sourceTree = "<group>"; };
		B8748F6C2BFCC49C00FCD2B5 /* Exercise2-NoteApp.app */ = {isa = PBXFileReference; explicitFileType = wrapper.application; includeInIndex = 0; path = "Exercise2-NoteApp.app"; sourceTree = BUILT_PRODUCTS_DIR; };
		B8748F6F2BFCC49C00FCD2B5 /* AppDelegate.swift */ = {isa = PBXFileReference; lastKnownFileType = sourcecode.swift; path = AppDelegate.swift; sourceTree = "<group>"; };
		B8748F732BFCC49C00FCD2B5 /* LoginViewController.swift */ = {isa = PBXFileReference; lastKnownFileType = sourcecode.swift; path = LoginViewController.swift; sourceTree = "<group>"; };
		B8748F762BFCC49C00FCD2B5 /* Base */ = {isa = PBXFileReference; lastKnownFileType = file.storyboard; name = Base; path = Base.lproj/Main.storyboard; sourceTree = "<group>"; };
		B8748F782BFCC49D00FCD2B5 /* Assets.xcassets */ = {isa = PBXFileReference; lastKnownFileType = folder.assetcatalog; path = Assets.xcassets; sourceTree = "<group>"; };
		B8748F7B2BFCC49D00FCD2B5 /* Base */ = {isa = PBXFileReference; lastKnownFileType = file.storyboard; name = Base; path = Base.lproj/LaunchScreen.storyboard; sourceTree = "<group>"; };
		B8748F7D2BFCC49D00FCD2B5 /* Info.plist */ = {isa = PBXFileReference; lastKnownFileType = text.plist.xml; path = Info.plist; sourceTree = "<group>"; };
		B8D1EDF82C0382A400A8BBB2 /* NoteManager.swift */ = {isa = PBXFileReference; lastKnownFileType = sourcecode.swift; path = NoteManager.swift; sourceTree = "<group>"; };
		B8EB8CBB2BFCDC4200D3BF81 /* FolderViewController.swift */ = {isa = PBXFileReference; lastKnownFileType = sourcecode.swift; path = FolderViewController.swift; sourceTree = "<group>"; };
		D39AF0A4BEC3856563CDF3BA /* Pods_Exercise2_NoteApp.framework */ = {isa = PBXFileReference; explicitFileType = wrapper.framework; includeInIndex = 0; path = Pods_Exercise2_NoteApp.framework; sourceTree = BUILT_PRODUCTS_DIR; };
		EA9E9508059A3D6B18F2B751 /* Pods-Exercise2-NoteApp.release.xcconfig */ = {isa = PBXFileReference; includeInIndex = 1; lastKnownFileType = text.xcconfig; name = "Pods-Exercise2-NoteApp.release.xcconfig"; path = "Target Support Files/Pods-Exercise2-NoteApp/Pods-Exercise2-NoteApp.release.xcconfig"; sourceTree = "<group>"; };
		F7F600D3161C8A5404E9B368 /* Pods-Exercise2-NoteApp.debug.xcconfig */ = {isa = PBXFileReference; includeInIndex = 1; lastKnownFileType = text.xcconfig; name = "Pods-Exercise2-NoteApp.debug.xcconfig"; path = "Target Support Files/Pods-Exercise2-NoteApp/Pods-Exercise2-NoteApp.debug.xcconfig"; sourceTree = "<group>"; };
/* End PBXFileReference section */

/* Begin PBXFrameworksBuildPhase section */
		B8748F692BFCC49C00FCD2B5 /* Frameworks */ = {
			isa = PBXFrameworksBuildPhase;
			buildActionMask = 2147483647;
			files = (
				953E076539B91DDFE4D4DB64 /* Pods_Exercise2_NoteApp.framework in Frameworks */,
			);
			runOnlyForDeploymentPostprocessing = 0;
		};
/* End PBXFrameworksBuildPhase section */

/* Begin PBXGroup section */
		24702C8492B0EC05EF3D1A67 /* Frameworks */ = {
			isa = PBXGroup;
			children = (
				D39AF0A4BEC3856563CDF3BA /* Pods_Exercise2_NoteApp.framework */,
			);
			name = Frameworks;
			sourceTree = "<group>";
		};
		B817B2E12BFDFE2900DEC6C4 /* Table Cell */ = {
			isa = PBXGroup;
			children = (
				B8604C482BFD718D00D3FBA8 /* ListSettingTableViewCell.swift */,
				B8604C462BFD717C00D3FBA8 /* UserTableViewCell.swift */,
				B86E464B2BFEC9B0008C42C4 /* NoteTableViewCell.swift */,
			);
			path = "Table Cell";
			sourceTree = "<group>";
		};
		B817B2E22BFDFE3C00DEC6C4 /* Collection Cell */ = {
			isa = PBXGroup;
			children = (
				B817B2E32BFDFE5A00DEC6C4 /* FolderCollectionViewCell.swift */,
			);
			path = "Collection Cell";
			sourceTree = "<group>";
		};
		B817B2E52BFE116100DEC6C4 /* Model */ = {
			isa = PBXGroup;
			children = (
				B817B2E62BFE116C00DEC6C4 /* Notes.swift */,
			);
			path = Model;
			sourceTree = "<group>";
		};
		B8604C452BFD715700D3FBA8 /* Cell */ = {
			isa = PBXGroup;
			children = (
				B817B2E22BFDFE3C00DEC6C4 /* Collection Cell */,
				B817B2E12BFDFE2900DEC6C4 /* Table Cell */,
			);
			path = Cell;
			sourceTree = "<group>";
		};
		B8748F632BFCC49C00FCD2B5 = {
			isa = PBXGroup;
			children = (
				B8748F6E2BFCC49C00FCD2B5 /* Exercise2-NoteApp */,
				B8748F6D2BFCC49C00FCD2B5 /* Products */,
				B90577A18FC9C74EFBA3719E /* Pods */,
				24702C8492B0EC05EF3D1A67 /* Frameworks */,
			);
			sourceTree = "<group>";
		};
		B8748F6D2BFCC49C00FCD2B5 /* Products */ = {
			isa = PBXGroup;
			children = (
				B8748F6C2BFCC49C00FCD2B5 /* Exercise2-NoteApp.app */,
			);
			name = Products;
			sourceTree = "<group>";
		};
		B8748F6E2BFCC49C00FCD2B5 /* Exercise2-NoteApp */ = {
			isa = PBXGroup;
			children = (
				B8D1EDF72C037E8000A8BBB2 /* Services */,
				B817B2E52BFE116100DEC6C4 /* Model */,
				B8D1EDF62C037E5800A8BBB2 /* View */,
				B8748F832BFCC51C00FCD2B5 /* Controller */,
				B8748F6F2BFCC49C00FCD2B5 /* AppDelegate.swift */,
				B8748F752BFCC49C00FCD2B5 /* Main.storyboard */,
				B8748F782BFCC49D00FCD2B5 /* Assets.xcassets */,
				B8748F7A2BFCC49D00FCD2B5 /* LaunchScreen.storyboard */,
				B8748F7D2BFCC49D00FCD2B5 /* Info.plist */,
				B8604C412BFD6C7E00D3FBA8 /* TabBarViewController.swift */,
			);
			path = "Exercise2-NoteApp";
			sourceTree = "<group>";
		};
		B8748F832BFCC51C00FCD2B5 /* Controller */ = {
			isa = PBXGroup;
			children = (
				B8748F732BFCC49C00FCD2B5 /* LoginViewController.swift */,
				B8EB8CBB2BFCDC4200D3BF81 /* FolderViewController.swift */,
				B8604C432BFD6C9300D3FBA8 /* SettingViewController.swift */,
				B817B2DF2BFDE71E00DEC6C4 /* FolderNoteListViewController.swift */,
				B83C38222BFF894C00D80518 /* EntryNoteViewController.swift */,
			);
			path = Controller;
			sourceTree = "<group>";
		};
		B8D1EDF62C037E5800A8BBB2 /* View */ = {
			isa = PBXGroup;
			children = (
				B8604C452BFD715700D3FBA8 /* Cell */,
			);
			path = View;
			sourceTree = "<group>";
		};
		B8D1EDF72C037E8000A8BBB2 /* Services */ = {
			isa = PBXGroup;
			children = (
				B8D1EDF82C0382A400A8BBB2 /* NoteManager.swift */,
				B817628B2C059BD300F49887 /* UserManager.swift */,
			);
			path = Services;
			sourceTree = "<group>";
		};
		B90577A18FC9C74EFBA3719E /* Pods */ = {
			isa = PBXGroup;
			children = (
				F7F600D3161C8A5404E9B368 /* Pods-Exercise2-NoteApp.debug.xcconfig */,
				EA9E9508059A3D6B18F2B751 /* Pods-Exercise2-NoteApp.release.xcconfig */,
			);
			path = Pods;
			sourceTree = "<group>";
		};
/* End PBXGroup section */

/* Begin PBXNativeTarget section */
		B8748F6B2BFCC49C00FCD2B5 /* Exercise2-NoteApp */ = {
			isa = PBXNativeTarget;
			buildConfigurationList = B8748F802BFCC49D00FCD2B5 /* Build configuration list for PBXNativeTarget "Exercise2-NoteApp" */;
			buildPhases = (
				32C28F6302BE2EF828A1C0FA /* [CP] Check Pods Manifest.lock */,
				B8748F682BFCC49C00FCD2B5 /* Sources */,
				B8748F692BFCC49C00FCD2B5 /* Frameworks */,
				B8748F6A2BFCC49C00FCD2B5 /* Resources */,
				EF74D30EB2B12752AA4A77DA /* [CP] Embed Pods Frameworks */,
			);
			buildRules = (
			);
			dependencies = (
			);
			name = "Exercise2-NoteApp";
			productName = "Exercise2-NoteApp";
			productReference = B8748F6C2BFCC49C00FCD2B5 /* Exercise2-NoteApp.app */;
			productType = "com.apple.product-type.application";
		};
/* End PBXNativeTarget section */

/* Begin PBXProject section */
		B8748F642BFCC49C00FCD2B5 /* Project object */ = {
			isa = PBXProject;
			attributes = {
				BuildIndependentTargetsInParallel = 1;
				LastSwiftUpdateCheck = 1530;
				LastUpgradeCheck = 1530;
				TargetAttributes = {
					B8748F6B2BFCC49C00FCD2B5 = {
						CreatedOnToolsVersion = 15.3;
					};
				};
			};
			buildConfigurationList = B8748F672BFCC49C00FCD2B5 /* Build configuration list for PBXProject "Exercise2-NoteApp" */;
			compatibilityVersion = "Xcode 14.0";
			developmentRegion = en;
			hasScannedForEncodings = 0;
			knownRegions = (
				en,
				Base,
			);
			mainGroup = B8748F632BFCC49C00FCD2B5;
			productRefGroup = B8748F6D2BFCC49C00FCD2B5 /* Products */;
			projectDirPath = "";
			projectRoot = "";
			targets = (
				B8748F6B2BFCC49C00FCD2B5 /* Exercise2-NoteApp */,
			);
		};
/* End PBXProject section */

/* Begin PBXResourcesBuildPhase section */
		B8748F6A2BFCC49C00FCD2B5 /* Resources */ = {
			isa = PBXResourcesBuildPhase;
			buildActionMask = 2147483647;
			files = (
				B8748F792BFCC49D00FCD2B5 /* Assets.xcassets in Resources */,
				B8748F7C2BFCC49D00FCD2B5 /* Base in Resources */,
				B8748F772BFCC49C00FCD2B5 /* Base in Resources */,
			);
			runOnlyForDeploymentPostprocessing = 0;
		};
/* End PBXResourcesBuildPhase section */

/* Begin PBXShellScriptBuildPhase section */
		32C28F6302BE2EF828A1C0FA /* [CP] Check Pods Manifest.lock */ = {
			isa = PBXShellScriptBuildPhase;
			buildActionMask = 2147483647;
			files = (
			);
			inputFileListPaths = (
			);
			inputPaths = (
				"${PODS_PODFILE_DIR_PATH}/Podfile.lock",
				"${PODS_ROOT}/Manifest.lock",
			);
			name = "[CP] Check Pods Manifest.lock";
			outputFileListPaths = (
			);
			outputPaths = (
				"$(DERIVED_FILE_DIR)/Pods-Exercise2-NoteApp-checkManifestLockResult.txt",
			);
			runOnlyForDeploymentPostprocessing = 0;
			shellPath = /bin/sh;
			shellScript = "diff \"${PODS_PODFILE_DIR_PATH}/Podfile.lock\" \"${PODS_ROOT}/Manifest.lock\" > /dev/null\nif [ $? != 0 ] ; then\n    # print error to STDERR\n    echo \"error: The sandbox is not in sync with the Podfile.lock. Run 'pod install' or update your CocoaPods installation.\" >&2\n    exit 1\nfi\n# This output is used by Xcode 'outputs' to avoid re-running this script phase.\necho \"SUCCESS\" > \"${SCRIPT_OUTPUT_FILE_0}\"\n";
			showEnvVarsInLog = 0;
		};
		EF74D30EB2B12752AA4A77DA /* [CP] Embed Pods Frameworks */ = {
			isa = PBXShellScriptBuildPhase;
			buildActionMask = 2147483647;
			files = (
			);
			inputFileListPaths = (
				"${PODS_ROOT}/Target Support Files/Pods-Exercise2-NoteApp/Pods-Exercise2-NoteApp-frameworks-${CONFIGURATION}-input-files.xcfilelist",
			);
			name = "[CP] Embed Pods Frameworks";
			outputFileListPaths = (
				"${PODS_ROOT}/Target Support Files/Pods-Exercise2-NoteApp/Pods-Exercise2-NoteApp-frameworks-${CONFIGURATION}-output-files.xcfilelist",
			);
			runOnlyForDeploymentPostprocessing = 0;
			shellPath = /bin/sh;
			shellScript = "\"${PODS_ROOT}/Target Support Files/Pods-Exercise2-NoteApp/Pods-Exercise2-NoteApp-frameworks.sh\"\n";
			showEnvVarsInLog = 0;
		};
/* End PBXShellScriptBuildPhase section */

/* Begin PBXSourcesBuildPhase section */
		B8748F682BFCC49C00FCD2B5 /* Sources */ = {
			isa = PBXSourcesBuildPhase;
			buildActionMask = 2147483647;
			files = (
				B8604C442BFD6C9300D3FBA8 /* SettingViewController.swift in Sources */,
				B817B2E72BFE116C00DEC6C4 /* Notes.swift in Sources */,
				B817628C2C059BD300F49887 /* UserManager.swift in Sources */,
				B817B2E42BFDFE5A00DEC6C4 /* FolderCollectionViewCell.swift in Sources */,
				B83C38232BFF894C00D80518 /* EntryNoteViewController.swift in Sources */,
				B8604C422BFD6C7E00D3FBA8 /* TabBarViewController.swift in Sources */,
				B8748F742BFCC49C00FCD2B5 /* LoginViewController.swift in Sources */,
				B8748F702BFCC49C00FCD2B5 /* AppDelegate.swift in Sources */,
				B8604C472BFD717C00D3FBA8 /* UserTableViewCell.swift in Sources */,
				B8D1EDF92C0382A400A8BBB2 /* NoteManager.swift in Sources */,
				B817B2E02BFDE71E00DEC6C4 /* FolderNoteListViewController.swift in Sources */,
				B8604C492BFD718D00D3FBA8 /* ListSettingTableViewCell.swift in Sources */,
				B8EB8CBC2BFCDC4200D3BF81 /* FolderViewController.swift in Sources */,
				B86E464C2BFEC9B0008C42C4 /* NoteTableViewCell.swift in Sources */,
			);
			runOnlyForDeploymentPostprocessing = 0;
		};
/* End PBXSourcesBuildPhase section */

/* Begin PBXVariantGroup section */
		B8748F752BFCC49C00FCD2B5 /* Main.storyboard */ = {
			isa = PBXVariantGroup;
			children = (
				B8748F762BFCC49C00FCD2B5 /* Base */,
			);
			name = Main.storyboard;
			sourceTree = "<group>";
		};
		B8748F7A2BFCC49D00FCD2B5 /* LaunchScreen.storyboard */ = {
			isa = PBXVariantGroup;
			children = (
				B8748F7B2BFCC49D00FCD2B5 /* Base */,
			);
			name = LaunchScreen.storyboard;
			sourceTree = "<group>";
		};
/* End PBXVariantGroup section */

/* Begin XCBuildConfiguration section */
		B8748F7E2BFCC49D00FCD2B5 /* Debug */ = {
			isa = XCBuildConfiguration;
			buildSettings = {
				ALWAYS_SEARCH_USER_PATHS = NO;
				ASSETCATALOG_COMPILER_GENERATE_SWIFT_ASSET_SYMBOL_EXTENSIONS = YES;
				CLANG_ANALYZER_NONNULL = YES;
				CLANG_ANALYZER_NUMBER_OBJECT_CONVERSION = YES_AGGRESSIVE;
				CLANG_CXX_LANGUAGE_STANDARD = "gnu++20";
				CLANG_ENABLE_MODULES = YES;
				CLANG_ENABLE_OBJC_ARC = YES;
				CLANG_ENABLE_OBJC_WEAK = YES;
				CLANG_WARN_BLOCK_CAPTURE_AUTORELEASING = YES;
				CLANG_WARN_BOOL_CONVERSION = YES;
				CLANG_WARN_COMMA = YES;
				CLANG_WARN_CONSTANT_CONVERSION = YES;
				CLANG_WARN_DEPRECATED_OBJC_IMPLEMENTATIONS = YES;
				CLANG_WARN_DIRECT_OBJC_ISA_USAGE = YES_ERROR;
				CLANG_WARN_DOCUMENTATION_COMMENTS = YES;
				CLANG_WARN_EMPTY_BODY = YES;
				CLANG_WARN_ENUM_CONVERSION = YES;
				CLANG_WARN_INFINITE_RECURSION = YES;
				CLANG_WARN_INT_CONVERSION = YES;
				CLANG_WARN_NON_LITERAL_NULL_CONVERSION = YES;
				CLANG_WARN_OBJC_IMPLICIT_RETAIN_SELF = YES;
				CLANG_WARN_OBJC_LITERAL_CONVERSION = YES;
				CLANG_WARN_OBJC_ROOT_CLASS = YES_ERROR;
				CLANG_WARN_QUOTED_INCLUDE_IN_FRAMEWORK_HEADER = YES;
				CLANG_WARN_RANGE_LOOP_ANALYSIS = YES;
				CLANG_WARN_STRICT_PROTOTYPES = YES;
				CLANG_WARN_SUSPICIOUS_MOVE = YES;
				CLANG_WARN_UNGUARDED_AVAILABILITY = YES_AGGRESSIVE;
				CLANG_WARN_UNREACHABLE_CODE = YES;
				CLANG_WARN__DUPLICATE_METHOD_MATCH = YES;
				COPY_PHASE_STRIP = NO;
				DEBUG_INFORMATION_FORMAT = dwarf;
				ENABLE_STRICT_OBJC_MSGSEND = YES;
				ENABLE_TESTABILITY = YES;
				ENABLE_USER_SCRIPT_SANDBOXING = NO;
				GCC_C_LANGUAGE_STANDARD = gnu17;
				GCC_DYNAMIC_NO_PIC = NO;
				GCC_NO_COMMON_BLOCKS = YES;
				GCC_OPTIMIZATION_LEVEL = 0;
				GCC_PREPROCESSOR_DEFINITIONS = (
					"DEBUG=1",
					"$(inherited)",
				);
				GCC_WARN_64_TO_32_BIT_CONVERSION = YES;
				GCC_WARN_ABOUT_RETURN_TYPE = YES_ERROR;
				GCC_WARN_UNDECLARED_SELECTOR = YES;
				GCC_WARN_UNINITIALIZED_AUTOS = YES_AGGRESSIVE;
				GCC_WARN_UNUSED_FUNCTION = YES;
				GCC_WARN_UNUSED_VARIABLE = YES;
				IPHONEOS_DEPLOYMENT_TARGET = 17.4;
				LOCALIZATION_PREFERS_STRING_CATALOGS = YES;
				MTL_ENABLE_DEBUG_INFO = INCLUDE_SOURCE;
				MTL_FAST_MATH = YES;
				ONLY_ACTIVE_ARCH = YES;
				SDKROOT = iphoneos;
				SWIFT_ACTIVE_COMPILATION_CONDITIONS = "DEBUG $(inherited)";
				SWIFT_OPTIMIZATION_LEVEL = "-Onone";
			};
			name = Debug;
		};
		B8748F7F2BFCC49D00FCD2B5 /* Release */ = {
			isa = XCBuildConfiguration;
			buildSettings = {
				ALWAYS_SEARCH_USER_PATHS = NO;
				ASSETCATALOG_COMPILER_GENERATE_SWIFT_ASSET_SYMBOL_EXTENSIONS = YES;
				CLANG_ANALYZER_NONNULL = YES;
				CLANG_ANALYZER_NUMBER_OBJECT_CONVERSION = YES_AGGRESSIVE;
				CLANG_CXX_LANGUAGE_STANDARD = "gnu++20";
				CLANG_ENABLE_MODULES = YES;
				CLANG_ENABLE_OBJC_ARC = YES;
				CLANG_ENABLE_OBJC_WEAK = YES;
				CLANG_WARN_BLOCK_CAPTURE_AUTORELEASING = YES;
				CLANG_WARN_BOOL_CONVERSION = YES;
				CLANG_WARN_COMMA = YES;
				CLANG_WARN_CONSTANT_CONVERSION = YES;
				CLANG_WARN_DEPRECATED_OBJC_IMPLEMENTATIONS = YES;
				CLANG_WARN_DIRECT_OBJC_ISA_USAGE = YES_ERROR;
				CLANG_WARN_DOCUMENTATION_COMMENTS = YES;
				CLANG_WARN_EMPTY_BODY = YES;
				CLANG_WARN_ENUM_CONVERSION = YES;
				CLANG_WARN_INFINITE_RECURSION = YES;
				CLANG_WARN_INT_CONVERSION = YES;
				CLANG_WARN_NON_LITERAL_NULL_CONVERSION = YES;
				CLANG_WARN_OBJC_IMPLICIT_RETAIN_SELF = YES;
				CLANG_WARN_OBJC_LITERAL_CONVERSION = YES;
				CLANG_WARN_OBJC_ROOT_CLASS = YES_ERROR;
				CLANG_WARN_QUOTED_INCLUDE_IN_FRAMEWORK_HEADER = YES;
				CLANG_WARN_RANGE_LOOP_ANALYSIS = YES;
				CLANG_WARN_STRICT_PROTOTYPES = YES;
				CLANG_WARN_SUSPICIOUS_MOVE = YES;
				CLANG_WARN_UNGUARDED_AVAILABILITY = YES_AGGRESSIVE;
				CLANG_WARN_UNREACHABLE_CODE = YES;
				CLANG_WARN__DUPLICATE_METHOD_MATCH = YES;
				COPY_PHASE_STRIP = NO;
				DEBUG_INFORMATION_FORMAT = "dwarf-with-dsym";
				ENABLE_NS_ASSERTIONS = NO;
				ENABLE_STRICT_OBJC_MSGSEND = YES;
				ENABLE_USER_SCRIPT_SANDBOXING = NO;
				GCC_C_LANGUAGE_STANDARD = gnu17;
				GCC_NO_COMMON_BLOCKS = YES;
				GCC_WARN_64_TO_32_BIT_CONVERSION = YES;
				GCC_WARN_ABOUT_RETURN_TYPE = YES_ERROR;
				GCC_WARN_UNDECLARED_SELECTOR = YES;
				GCC_WARN_UNINITIALIZED_AUTOS = YES_AGGRESSIVE;
				GCC_WARN_UNUSED_FUNCTION = YES;
				GCC_WARN_UNUSED_VARIABLE = YES;
				IPHONEOS_DEPLOYMENT_TARGET = 17.4;
				LOCALIZATION_PREFERS_STRING_CATALOGS = YES;
				MTL_ENABLE_DEBUG_INFO = NO;
				MTL_FAST_MATH = YES;
				SDKROOT = iphoneos;
				SWIFT_COMPILATION_MODE = wholemodule;
				VALIDATE_PRODUCT = YES;
			};
			name = Release;
		};
		B8748F812BFCC49D00FCD2B5 /* Debug */ = {
			isa = XCBuildConfiguration;
			baseConfigurationReference = F7F600D3161C8A5404E9B368 /* Pods-Exercise2-NoteApp.debug.xcconfig */;
			buildSettings = {
				ASSETCATALOG_COMPILER_APPICON_NAME = AppIcon;
				ASSETCATALOG_COMPILER_GLOBAL_ACCENT_COLOR_NAME = AccentColor;
				CODE_SIGN_STYLE = Automatic;
				CURRENT_PROJECT_VERSION = 1;
				GENERATE_INFOPLIST_FILE = YES;
				INFOPLIST_FILE = "Exercise2-NoteApp/Info.plist";
				INFOPLIST_KEY_UIApplicationSupportsIndirectInputEvents = YES;
				INFOPLIST_KEY_UILaunchStoryboardName = LaunchScreen;
				INFOPLIST_KEY_UIMainStoryboardFile = Main;
				INFOPLIST_KEY_UISupportedInterfaceOrientations_iPad = "UIInterfaceOrientationPortrait UIInterfaceOrientationPortraitUpsideDown UIInterfaceOrientationLandscapeLeft UIInterfaceOrientationLandscapeRight";
				INFOPLIST_KEY_UISupportedInterfaceOrientations_iPhone = "UIInterfaceOrientationPortrait UIInterfaceOrientationLandscapeLeft UIInterfaceOrientationLandscapeRight";
				IPHONEOS_DEPLOYMENT_TARGET = 12.0;
				LD_RUNPATH_SEARCH_PATHS = (
					"$(inherited)",
					"@executable_path/Frameworks",
				);
				MARKETING_VERSION = 1.0;
				PRODUCT_BUNDLE_IDENTIFIER = "com.panha.Exercise2-NoteApp";
				PRODUCT_NAME = "$(TARGET_NAME)";
				SWIFT_EMIT_LOC_STRINGS = YES;
				SWIFT_VERSION = 5.0;
				TARGETED_DEVICE_FAMILY = "1,2";
			};
			name = Debug;
		};
		B8748F822BFCC49D00FCD2B5 /* Release */ = {
			isa = XCBuildConfiguration;
			baseConfigurationReference = EA9E9508059A3D6B18F2B751 /* Pods-Exercise2-NoteApp.release.xcconfig */;
			buildSettings = {
				ASSETCATALOG_COMPILER_APPICON_NAME = AppIcon;
				ASSETCATALOG_COMPILER_GLOBAL_ACCENT_COLOR_NAME = AccentColor;
				CODE_SIGN_STYLE = Automatic;
				CURRENT_PROJECT_VERSION = 1;
				GENERATE_INFOPLIST_FILE = YES;
				INFOPLIST_FILE = "Exercise2-NoteApp/Info.plist";
				INFOPLIST_KEY_UIApplicationSupportsIndirectInputEvents = YES;
				INFOPLIST_KEY_UILaunchStoryboardName = LaunchScreen;
				INFOPLIST_KEY_UIMainStoryboardFile = Main;
				INFOPLIST_KEY_UISupportedInterfaceOrientations_iPad = "UIInterfaceOrientationPortrait UIInterfaceOrientationPortraitUpsideDown UIInterfaceOrientationLandscapeLeft UIInterfaceOrientationLandscapeRight";
				INFOPLIST_KEY_UISupportedInterfaceOrientations_iPhone = "UIInterfaceOrientationPortrait UIInterfaceOrientationLandscapeLeft UIInterfaceOrientationLandscapeRight";
				IPHONEOS_DEPLOYMENT_TARGET = 12.0;
				LD_RUNPATH_SEARCH_PATHS = (
					"$(inherited)",
					"@executable_path/Frameworks",
				);
				MARKETING_VERSION = 1.0;
				PRODUCT_BUNDLE_IDENTIFIER = "com.panha.Exercise2-NoteApp";
				PRODUCT_NAME = "$(TARGET_NAME)";
				SWIFT_EMIT_LOC_STRINGS = YES;
				SWIFT_VERSION = 5.0;
				TARGETED_DEVICE_FAMILY = "1,2";
			};
			name = Release;
		};
/* End XCBuildConfiguration section */

/* Begin XCConfigurationList section */
		B8748F672BFCC49C00FCD2B5 /* Build configuration list for PBXProject "Exercise2-NoteApp" */ = {
			isa = XCConfigurationList;
			buildConfigurations = (
				B8748F7E2BFCC49D00FCD2B5 /* Debug */,
				B8748F7F2BFCC49D00FCD2B5 /* Release */,
			);
			defaultConfigurationIsVisible = 0;
			defaultConfigurationName = Release;
		};
		B8748F802BFCC49D00FCD2B5 /* Build configuration list for PBXNativeTarget "Exercise2-NoteApp" */ = {
			isa = XCConfigurationList;
			buildConfigurations = (
				B8748F812BFCC49D00FCD2B5 /* Debug */,
				B8748F822BFCC49D00FCD2B5 /* Release */,
			);
			defaultConfigurationIsVisible = 0;
			defaultConfigurationName = Release;
		};
/* End XCConfigurationList section */
	};
	rootObject = B8748F642BFCC49C00FCD2B5 /* Project object */;
}
